// !$*UTF8*$!
{
	archiveVersion = 1;
	classes = {
	};
	objectVersion = 50;
	objects = {

/* Begin PBXBuildFile section */
		8F52EE3F247ED23800F575E5 /* FeedViewModel.swift in Sources */ = {isa = PBXBuildFile; fileRef = 8F52EE3E247ED23800F575E5 /* FeedViewModel.swift */; };
		8FBF2739247BAF8F008247B8 /* AppDelegate.swift in Sources */ = {isa = PBXBuildFile; fileRef = 8FBF2738247BAF8F008247B8 /* AppDelegate.swift */; };
		8FBF273B247BAF8F008247B8 /* SceneDelegate.swift in Sources */ = {isa = PBXBuildFile; fileRef = 8FBF273A247BAF8F008247B8 /* SceneDelegate.swift */; };
		8FBF273D247BAF8F008247B8 /* FeedView.swift in Sources */ = {isa = PBXBuildFile; fileRef = 8FBF273C247BAF8F008247B8 /* FeedView.swift */; };
		8FBF273F247BAF8F008247B8 /* Assets.xcassets in Resources */ = {isa = PBXBuildFile; fileRef = 8FBF273E247BAF8F008247B8 /* Assets.xcassets */; };
		8FBF2742247BAF8F008247B8 /* Preview Assets.xcassets in Resources */ = {isa = PBXBuildFile; fileRef = 8FBF2741247BAF8F008247B8 /* Preview Assets.xcassets */; };
		8FBF2745247BAF8F008247B8 /* LaunchScreen.storyboard in Resources */ = {isa = PBXBuildFile; fileRef = 8FBF2743247BAF8F008247B8 /* LaunchScreen.storyboard */; };
		8FBF274D247BB050008247B8 /* ArticleRow.swift in Sources */ = {isa = PBXBuildFile; fileRef = 8FBF274C247BB050008247B8 /* ArticleRow.swift */; };
		8FBF2751247BB581008247B8 /* XMLParser.swift in Sources */ = {isa = PBXBuildFile; fileRef = 8FBF2750247BB581008247B8 /* XMLParser.swift */; };
/* End PBXBuildFile section */

/* Begin PBXFileReference section */
		8F52EE3E247ED23800F575E5 /* FeedViewModel.swift */ = {isa = PBXFileReference; lastKnownFileType = sourcecode.swift; path = FeedViewModel.swift; sourceTree = "<group>"; };
		8FBF2735247BAF8F008247B8 /* XML.app */ = {isa = PBXFileReference; explicitFileType = wrapper.application; includeInIndex = 0; path = XML.app; sourceTree = BUILT_PRODUCTS_DIR; };
		8FBF2738247BAF8F008247B8 /* AppDelegate.swift */ = {isa = PBXFileReference; lastKnownFileType = sourcecode.swift; path = AppDelegate.swift; sourceTree = "<group>"; };
		8FBF273A247BAF8F008247B8 /* SceneDelegate.swift */ = {isa = PBXFileReference; lastKnownFileType = sourcecode.swift; path = SceneDelegate.swift; sourceTree = "<group>"; };
		8FBF273C247BAF8F008247B8 /* FeedView.swift */ = {isa = PBXFileReference; lastKnownFileType = sourcecode.swift; path = FeedView.swift; sourceTree = "<group>"; };
		8FBF273E247BAF8F008247B8 /* Assets.xcassets */ = {isa = PBXFileReference; lastKnownFileType = folder.assetcatalog; path = Assets.xcassets; sourceTree = "<group>"; };
		8FBF2741247BAF8F008247B8 /* Preview Assets.xcassets */ = {isa = PBXFileReference; lastKnownFileType = folder.assetcatalog; path = "Preview Assets.xcassets"; sourceTree = "<group>"; };
		8FBF2744247BAF8F008247B8 /* Base */ = {isa = PBXFileReference; lastKnownFileType = file.storyboard; name = Base; path = Base.lproj/LaunchScreen.storyboard; sourceTree = "<group>"; };
		8FBF2746247BAF8F008247B8 /* Info.plist */ = {isa = PBXFileReference; lastKnownFileType = text.plist.xml; path = Info.plist; sourceTree = "<group>"; };
		8FBF274C247BB050008247B8 /* ArticleRow.swift */ = {isa = PBXFileReference; lastKnownFileType = sourcecode.swift; path = ArticleRow.swift; sourceTree = "<group>"; };
		8FBF2750247BB581008247B8 /* XMLParser.swift */ = {isa = PBXFileReference; lastKnownFileType = sourcecode.swift; path = XMLParser.swift; sourceTree = "<group>"; };
/* End PBXFileReference section */

/* Begin PBXFrameworksBuildPhase section */
		8FBF2732247BAF8F008247B8 /* Frameworks */ = {
			isa = PBXFrameworksBuildPhase;
			buildActionMask = 2147483647;
			files = (
			);
			runOnlyForDeploymentPostprocessing = 0;
		};
/* End PBXFrameworksBuildPhase section */

/* Begin PBXGroup section */
		8F52EE40247ED35B00F575E5 /* Views */ = {
			isa = PBXGroup;
			children = (
				8F52EE42247ED36E00F575E5 /* FeedView */,
				8FBF274C247BB050008247B8 /* ArticleRow.swift */,
			);
			path = Views;
			sourceTree = "<group>";
		};
		8F52EE41247ED36100F575E5 /* Root */ = {
			isa = PBXGroup;
			children = (
				8FBF2738247BAF8F008247B8 /* AppDelegate.swift */,
				8FBF273A247BAF8F008247B8 /* SceneDelegate.swift */,
			);
			path = Root;
			sourceTree = "<group>";
		};
		8F52EE42247ED36E00F575E5 /* FeedView */ = {
			isa = PBXGroup;
			children = (
				8FBF273C247BAF8F008247B8 /* FeedView.swift */,
				8F52EE3E247ED23800F575E5 /* FeedViewModel.swift */,
			);
			path = FeedView;
			sourceTree = "<group>";
		};
		8FBF272C247BAF8F008247B8 = {
			isa = PBXGroup;
			children = (
				8FBF2737247BAF8F008247B8 /* XML */,
				8FBF2736247BAF8F008247B8 /* Products */,
			);
			sourceTree = "<group>";
		};
		8FBF2736247BAF8F008247B8 /* Products */ = {
			isa = PBXGroup;
			children = (
				8FBF2735247BAF8F008247B8 /* XML.app */,
			);
			name = Products;
			sourceTree = "<group>";
		};
		8FBF2737247BAF8F008247B8 /* XML */ = {
			isa = PBXGroup;
			children = (
				8F52EE41247ED36100F575E5 /* Root */,
				8F52EE40247ED35B00F575E5 /* Views */,
				8FBF2750247BB581008247B8 /* XMLParser.swift */,
				8FBF273E247BAF8F008247B8 /* Assets.xcassets */,
				8FBF2743247BAF8F008247B8 /* LaunchScreen.storyboard */,
				8FBF2746247BAF8F008247B8 /* Info.plist */,
				8FBF2740247BAF8F008247B8 /* Preview Content */,
			);
			path = XML;
			sourceTree = "<group>";
		};
		8FBF2740247BAF8F008247B8 /* Preview Content */ = {
			isa = PBXGroup;
			children = (
				8FBF2741247BAF8F008247B8 /* Preview Assets.xcassets */,
			);
			path = "Preview Content";
			sourceTree = "<group>";
		};
/* End PBXGroup section */

/* Begin PBXNativeTarget section */
		8FBF2734247BAF8F008247B8 /* XML */ = {
			isa = PBXNativeTarget;
			buildConfigurationList = 8FBF2749247BAF8F008247B8 /* Build configuration list for PBXNativeTarget "XML" */;
			buildPhases = (
				8FBF2731247BAF8F008247B8 /* Sources */,
				8FBF2732247BAF8F008247B8 /* Frameworks */,
				8FBF2733247BAF8F008247B8 /* Resources */,
			);
			buildRules = (
			);
			dependencies = (
			);
			name = XML;
			productName = XML;
			productReference = 8FBF2735247BAF8F008247B8 /* XML.app */;
			productType = "com.apple.product-type.application";
		};
/* End PBXNativeTarget section */

/* Begin PBXProject section */
		8FBF272D247BAF8F008247B8 /* Project object */ = {
			isa = PBXProject;
			attributes = {
				LastSwiftUpdateCheck = 1140;
				LastUpgradeCheck = 1140;
				ORGANIZATIONNAME = "Grid Dynamics";
				TargetAttributes = {
					8FBF2734247BAF8F008247B8 = {
						CreatedOnToolsVersion = 11.4.1;
					};
				};
			};
			buildConfigurationList = 8FBF2730247BAF8F008247B8 /* Build configuration list for PBXProject "XML" */;
			compatibilityVersion = "Xcode 9.3";
			developmentRegion = en;
			hasScannedForEncodings = 0;
			knownRegions = (
				en,
				Base,
			);
			mainGroup = 8FBF272C247BAF8F008247B8;
			productRefGroup = 8FBF2736247BAF8F008247B8 /* Products */;
			projectDirPath = "";
			projectRoot = "";
			targets = (
				8FBF2734247BAF8F008247B8 /* XML */,
			);
		};
/* End PBXProject section */

/* Begin PBXResourcesBuildPhase section */
		8FBF2733247BAF8F008247B8 /* Resources */ = {
			isa = PBXResourcesBuildPhase;
			buildActionMask = 2147483647;
			files = (
				8FBF2745247BAF8F008247B8 /* LaunchScreen.storyboard in Resources */,
				8FBF2742247BAF8F008247B8 /* Preview Assets.xcassets in Resources */,
				8FBF273F247BAF8F008247B8 /* Assets.xcassets in Resources */,
			);
			runOnlyForDeploymentPostprocessing = 0;
		};
/* End PBXResourcesBuildPhase section */

/* Begin PBXSourcesBuildPhase section */
		8FBF2731247BAF8F008247B8 /* Sources */ = {
			isa = PBXSourcesBuildPhase;
			buildActionMask = 2147483647;
			files = (
				8FBF2739247BAF8F008247B8 /* AppDelegate.swift in Sources */,
				8FBF274D247BB050008247B8 /* ArticleRow.swift in Sources */,
				8F52EE3F247ED23800F575E5 /* FeedViewModel.swift in Sources */,
				8FBF2751247BB581008247B8 /* XMLParser.swift in Sources */,
				8FBF273B247BAF8F008247B8 /* SceneDelegate.swift in Sources */,
				8FBF273D247BAF8F008247B8 /* FeedView.swift in Sources */,
			);
			runOnlyForDeploymentPostprocessing = 0;
		};
/* End PBXSourcesBuildPhase section */

/* Begin PBXVariantGroup section */
		8FBF2743247BAF8F008247B8 /* LaunchScreen.storyboard */ = {
			isa = PBXVariantGroup;
			children = (
				8FBF2744247BAF8F008247B8 /* Base */,
			);
			name = LaunchScreen.storyboard;
			sourceTree = "<group>";
		};
/* End PBXVariantGroup section */

/* Begin XCBuildConfiguration section */
		8FBF2747247BAF8F008247B8 /* Debug */ = {
			isa = XCBuildConfiguration;
			buildSettings = {
				ALWAYS_SEARCH_USER_PATHS = NO;
				CLANG_ANALYZER_NONNULL = YES;
				CLANG_ANALYZER_NUMBER_OBJECT_CONVERSION = YES_AGGRESSIVE;
				CLANG_CXX_LANGUAGE_STANDARD = "gnu++14";
				CLANG_CXX_LIBRARY = "libc++";
				CLANG_ENABLE_MODULES = YES;
				CLANG_ENABLE_OBJC_ARC = YES;
				CLANG_ENABLE_OBJC_WEAK = YES;
				CLANG_WARN_BLOCK_CAPTURE_AUTORELEASING = YES;
				CLANG_WARN_BOOL_CONVERSION = YES;
				CLANG_WARN_COMMA = YES;
				CLANG_WARN_CONSTANT_CONVERSION = YES;
				CLANG_WARN_DEPRECATED_OBJC_IMPLEMENTATIONS = YES;
				CLANG_WARN_DIRECT_OBJC_ISA_USAGE = YES_ERROR;
				CLANG_WARN_DOCUMENTATION_COMMENTS = YES;
				CLANG_WARN_EMPTY_BODY = YES;
				CLANG_WARN_ENUM_CONVERSION = YES;
				CLANG_WARN_INFINITE_RECURSION = YES;
				CLANG_WARN_INT_CONVERSION = YES;
				CLANG_WARN_NON_LITERAL_NULL_CONVERSION = YES;
				CLANG_WARN_OBJC_IMPLICIT_RETAIN_SELF = YES;
				CLANG_WARN_OBJC_LITERAL_CONVERSION = YES;
				CLANG_WARN_OBJC_ROOT_CLASS = YES_ERROR;
				CLANG_WARN_RANGE_LOOP_ANALYSIS = YES;
				CLANG_WARN_STRICT_PROTOTYPES = YES;
				CLANG_WARN_SUSPICIOUS_MOVE = YES;
				CLANG_WARN_UNGUARDED_AVAILABILITY = YES_AGGRESSIVE;
				CLANG_WARN_UNREACHABLE_CODE = YES;
				CLANG_WARN__DUPLICATE_METHOD_MATCH = YES;
				COPY_PHASE_STRIP = NO;
				DEBUG_INFORMATION_FORMAT = dwarf;
				ENABLE_STRICT_OBJC_MSGSEND = YES;
				ENABLE_TESTABILITY = YES;
				GCC_C_LANGUAGE_STANDARD = gnu11;
				GCC_DYNAMIC_NO_PIC = NO;
				GCC_NO_COMMON_BLOCKS = YES;
				GCC_OPTIMIZATION_LEVEL = 0;
				GCC_PREPROCESSOR_DEFINITIONS = (
					"DEBUG=1",
					"$(inherited)",
				);
				GCC_WARN_64_TO_32_BIT_CONVERSION = YES;
				GCC_WARN_ABOUT_RETURN_TYPE = YES_ERROR;
				GCC_WARN_UNDECLARED_SELECTOR = YES;
				GCC_WARN_UNINITIALIZED_AUTOS = YES_AGGRESSIVE;
				GCC_WARN_UNUSED_FUNCTION = YES;
				GCC_WARN_UNUSED_VARIABLE = YES;
				IPHONEOS_DEPLOYMENT_TARGET = 13.4;
				MTL_ENABLE_DEBUG_INFO = INCLUDE_SOURCE;
				MTL_FAST_MATH = YES;
				ONLY_ACTIVE_ARCH = YES;
				SDKROOT = iphoneos;
				SWIFT_ACTIVE_COMPILATION_CONDITIONS = DEBUG;
				SWIFT_OPTIMIZATION_LEVEL = "-Onone";
			};
			name = Debug;
		};
		8FBF2748247BAF8F008247B8 /* Release */ = {
			isa = XCBuildConfiguration;
			buildSettings = {
				ALWAYS_SEARCH_USER_PATHS = NO;
				CLANG_ANALYZER_NONNULL = YES;
				CLANG_ANALYZER_NUMBER_OBJECT_CONVERSION = YES_AGGRESSIVE;
				CLANG_CXX_LANGUAGE_STANDARD = "gnu++14";
				CLANG_CXX_LIBRARY = "libc++";
				CLANG_ENABLE_MODULES = YES;
				CLANG_ENABLE_OBJC_ARC = YES;
				CLANG_ENABLE_OBJC_WEAK = YES;
				CLANG_WARN_BLOCK_CAPTURE_AUTORELEASING = YES;
				CLANG_WARN_BOOL_CONVERSION = YES;
				CLANG_WARN_COMMA = YES;
				CLANG_WARN_CONSTANT_CONVERSION = YES;
				CLANG_WARN_DEPRECATED_OBJC_IMPLEMENTATIONS = YES;
				CLANG_WARN_DIRECT_OBJC_ISA_USAGE = YES_ERROR;
				CLANG_WARN_DOCUMENTATION_COMMENTS = YES;
				CLANG_WARN_EMPTY_BODY = YES;
				CLANG_WARN_ENUM_CONVERSION = YES;
				CLANG_WARN_INFINITE_RECURSION = YES;
				CLANG_WARN_INT_CONVERSION = YES;
				CLANG_WARN_NON_LITERAL_NULL_CONVERSION = YES;
				CLANG_WARN_OBJC_IMPLICIT_RETAIN_SELF = YES;
				CLANG_WARN_OBJC_LITERAL_CONVERSION = YES;
				CLANG_WARN_OBJC_ROOT_CLASS = YES_ERROR;
				CLANG_WARN_RANGE_LOOP_ANALYSIS = YES;
				CLANG_WARN_STRICT_PROTOTYPES = YES;
				CLANG_WARN_SUSPICIOUS_MOVE = YES;
				CLANG_WARN_UNGUARDED_AVAILABILITY = YES_AGGRESSIVE;
				CLANG_WARN_UNREACHABLE_CODE = YES;
				CLANG_WARN__DUPLICATE_METHOD_MATCH = YES;
				COPY_PHASE_STRIP = NO;
				DEBUG_INFORMATION_FORMAT = "dwarf-with-dsym";
				ENABLE_NS_ASSERTIONS = NO;
				ENABLE_STRICT_OBJC_MSGSEND = YES;
				GCC_C_LANGUAGE_STANDARD = gnu11;
				GCC_NO_COMMON_BLOCKS = YES;
				GCC_WARN_64_TO_32_BIT_CONVERSION = YES;
				GCC_WARN_ABOUT_RETURN_TYPE = YES_ERROR;
				GCC_WARN_UNDECLARED_SELECTOR = YES;
				GCC_WARN_UNINITIALIZED_AUTOS = YES_AGGRESSIVE;
				GCC_WARN_UNUSED_FUNCTION = YES;
				GCC_WARN_UNUSED_VARIABLE = YES;
				IPHONEOS_DEPLOYMENT_TARGET = 13.4;
				MTL_ENABLE_DEBUG_INFO = NO;
				MTL_FAST_MATH = YES;
				SDKROOT = iphoneos;
				SWIFT_COMPILATION_MODE = wholemodule;
				SWIFT_OPTIMIZATION_LEVEL = "-O";
				VALIDATE_PRODUCT = YES;
			};
			name = Release;
		};
		8FBF274A247BAF8F008247B8 /* Debug */ = {
			isa = XCBuildConfiguration;
			buildSettings = {
				ASSETCATALOG_COMPILER_APPICON_NAME = AppIcon;
				CODE_SIGN_STYLE = Automatic;
				DEVELOPMENT_ASSET_PATHS = "\"XML/Preview Content\"";
				DEVELOPMENT_TEAM = 88X53XUV8A;
				ENABLE_PREVIEWS = YES;
				INFOPLIST_FILE = XML/Info.plist;
				LD_RUNPATH_SEARCH_PATHS = (
					"$(inherited)",
					"@executable_path/Frameworks",
				);
				PRODUCT_BUNDLE_IDENTIFIER = com.griddynamics.XML;
				PRODUCT_NAME = "$(TARGET_NAME)";
				SWIFT_VERSION = 5.0;
				TARGETED_DEVICE_FAMILY = "1,2";
			};
			name = Debug;
		};
		8FBF274B247BAF8F008247B8 /* Release */ = {
			isa = XCBuildConfiguration;
			buildSettings = {
				ASSETCATALOG_COMPILER_APPICON_NAME = AppIcon;
				CODE_SIGN_STYLE = Automatic;
				DEVELOPMENT_ASSET_PATHS = "\"XML/Preview Content\"";
				DEVELOPMENT_TEAM = 88X53XUV8A;
				ENABLE_PREVIEWS = YES;
				INFOPLIST_FILE = XML/Info.plist;
				LD_RUNPATH_SEARCH_PATHS = (
					"$(inherited)",
					"@executable_path/Frameworks",
				);
				PRODUCT_BUNDLE_IDENTIFIER = com.griddynamics.XML;
				PRODUCT_NAME = "$(TARGET_NAME)";
				SWIFT_VERSION = 5.0;
				TARGETED_DEVICE_FAMILY = "1,2";
			};
			name = Release;
		};
/* End XCBuildConfiguration section */

/* Begin XCConfigurationList section */
		8FBF2730247BAF8F008247B8 /* Build configuration list for PBXProject "XML" */ = {
			isa = XCConfigurationList;
			buildConfigurations = (
				8FBF2747247BAF8F008247B8 /* Debug */,
				8FBF2748247BAF8F008247B8 /* Release */,
			);
			defaultConfigurationIsVisible = 0;
			defaultConfigurationName = Release;
		};
		8FBF2749247BAF8F008247B8 /* Build configuration list for PBXNativeTarget "XML" */ = {
			isa = XCConfigurationList;
			buildConfigurations = (
				8FBF274A247BAF8F008247B8 /* Debug */,
				8FBF274B247BAF8F008247B8 /* Release */,
			);
			defaultConfigurationIsVisible = 0;
			defaultConfigurationName = Release;
		};
/* End XCConfigurationList section */
	};
	rootObject = 8FBF272D247BAF8F008247B8 /* Project object */;
}
